
Microsoft Visual Studio Solution File, Format Version 12.00
# Visual Studio Version 17
VisualStudioVersion = 17.9.34701.34
MinimumVisualStudioVersion = 10.0.40219.1
Project("{FAE04EC0-301F-11D3-BF4B-00C04F79EFBC}") = "FIHR TASK LAST", "FIHR TASK LAST\FIHR TASK LAST.csproj", "{D90B940A-7A31-45FE-8906-099816AF61BE}"
EndProject
Project("{2150E333-8FDC-42A3-9474-1A3956D46DE8}") = "Model", "Model", "{8F7EB220-EBF0-4879-9CBE-A6369CCFDE8C}"
EndProject
Global
	GlobalSection(SolutionConfigurationPlatforms) = preSolution
		Debug|Any CPU = Debug|Any CPU
		Release|Any CPU = Release|Any CPU
	EndGlobalSection
	GlobalSection(ProjectConfigurationPlatforms) = postSolution
		{D90B940A-7A31-45FE-8906-099816AF61BE}.Debug|Any CPU.ActiveCfg = Debug|Any CPU
		{D90B940A-7A31-45FE-8906-099816AF61BE}.Debug|Any CPU.Build.0 = Debug|Any CPU
		{D90B940A-7A31-45FE-8906-099816AF61BE}.Release|Any CPU.ActiveCfg = Release|Any CPU
		{D90B940A-7A31-45FE-8906-099816AF61BE}.Release|Any CPU.Build.0 = Release|Any CPU
	EndGlobalSection
	GlobalSection(SolutionProperties) = preSolution
		HideSolutionNode = FALSE
	EndGlobalSection
	GlobalSection(ExtensibilityGlobals) = postSolution
		SolutionGuid = {7F05372F-1E36-4E60-83A5-A8843FB82306}
	EndGlobalSection
EndGlobal
